
Microsoft Visual Studio Solution File, Format Version 12.00
# Visual Studio 15
Project("{FAE04EC0-301F-11D3-BF4B-00C04F79EFBC}") = "Assembly-CSharp", "Assembly-CSharp.csproj", "{6CCB1135-5DBA-9B8C-7776-5996571EF943}"
EndProject
Global
	GlobalSection(SolutionConfigurationPlatforms) = preSolution
		Debug|Any CPU = Debug|Any CPU
		Release|Any CPU = Release|Any CPU
	EndGlobalSection
	GlobalSection(ProjectConfigurationPlatforms) = postSolution
		{6CCB1135-5DBA-9B8C-7776-5996571EF943}.Debug|Any CPU.ActiveCfg = Debug|Any CPU
		{6CCB1135-5DBA-9B8C-7776-5996571EF943}.Debug|Any CPU.Build.0 = Debug|Any CPU
		{6CCB1135-5DBA-9B8C-7776-5996571EF943}.Release|Any CPU.ActiveCfg = Release|Any CPU
		{6CCB1135-5DBA-9B8C-7776-5996571EF943}.Release|Any CPU.Build.0 = Release|Any CPU
	EndGlobalSection
	GlobalSection(SolutionProperties) = preSolution
		HideSolutionNode = FALSE
	EndGlobalSection
EndGlobal
